
Microsoft Visual Studio Solution File, Format Version 12.00
# Visual Studio Version 17
VisualStudioVersion = 17.13.35919.96 d17.13
MinimumVisualStudioVersion = 10.0.40219.1
Project("{FAE04EC0-301F-11D3-BF4B-00C04F79EFBC}") = "IFACI_INTERFACE_MULTIFUNCAO", "IFACI_INTERFACE_MULTIFUNCAO.csproj", "{713651F9-E57F-43D8-86CA-12B922F1D861}"
EndProject
Global
	GlobalSection(SolutionConfigurationPlatforms) = preSolution
		Debug|Any CPU = Debug|Any CPU
		Release|Any CPU = Release|Any CPU
	EndGlobalSection
	GlobalSection(ProjectConfigurationPlatforms) = postSolution
		{713651F9-E57F-43D8-86CA-12B922F1D861}.Debug|Any CPU.ActiveCfg = Debug|Any CPU
		{713651F9-E57F-43D8-86CA-12B922F1D861}.Debug|Any CPU.Build.0 = Debug|Any CPU
		{713651F9-E57F-43D8-86CA-12B922F1D861}.Release|Any CPU.ActiveCfg = Release|Any CPU
		{713651F9-E57F-43D8-86CA-12B922F1D861}.Release|Any CPU.Build.0 = Release|Any CPU
	EndGlobalSection
	GlobalSection(SolutionProperties) = preSolution
		HideSolutionNode = FALSE
	EndGlobalSection
	GlobalSection(ExtensibilityGlobals) = postSolution
		SolutionGuid = {FDC1A30A-22C0-4AAF-97A1-E73CF8EEF6C1}
	EndGlobalSection
EndGlobal
